// !$*UTF8*$!
{
	archiveVersion = 1;
	classes = {
	};
	objectVersion = 56;
	objects = {

/* Begin PBXBuildFile section */
		B812CE282BB28AAA0040DF3E /* AppDelegate.swift in Sources */ = {isa = PBXBuildFile; fileRef = B812CE272BB28AAA0040DF3E /* AppDelegate.swift */; };
		B812CE2A2BB28AAA0040DF3E /* SceneDelegate.swift in Sources */ = {isa = PBXBuildFile; fileRef = B812CE292BB28AAA0040DF3E /* SceneDelegate.swift */; };
		B812CE2C2BB28AAA0040DF3E /* ServicesViewController.swift in Sources */ = {isa = PBXBuildFile; fileRef = B812CE2B2BB28AAA0040DF3E /* ServicesViewController.swift */; };
		B812CE312BB28AAB0040DF3E /* Assets.xcassets in Resources */ = {isa = PBXBuildFile; fileRef = B812CE302BB28AAB0040DF3E /* Assets.xcassets */; };
		B812CE342BB28AAB0040DF3E /* Base in Resources */ = {isa = PBXBuildFile; fileRef = B812CE332BB28AAB0040DF3E /* Base */; };
		B812CE442BB2959A0040DF3E /* result.json in Resources */ = {isa = PBXBuildFile; fileRef = B812CE432BB2959A0040DF3E /* result.json */; };
		B812CE462BB29EE00040DF3E /* Models.swift in Sources */ = {isa = PBXBuildFile; fileRef = B812CE452BB29EE00040DF3E /* Models.swift */; };
		B812CE482BB29F940040DF3E /* NetworkManager.swift in Sources */ = {isa = PBXBuildFile; fileRef = B812CE472BB29F940040DF3E /* NetworkManager.swift */; };
/* End PBXBuildFile section */

/* Begin PBXFileReference section */
		B812CE242BB28AAA0040DF3E /* Services.app */ = {isa = PBXFileReference; explicitFileType = wrapper.application; includeInIndex = 0; path = Services.app; sourceTree = BUILT_PRODUCTS_DIR; };
		B812CE272BB28AAA0040DF3E /* AppDelegate.swift */ = {isa = PBXFileReference; lastKnownFileType = sourcecode.swift; path = AppDelegate.swift; sourceTree = "<group>"; };
		B812CE292BB28AAA0040DF3E /* SceneDelegate.swift */ = {isa = PBXFileReference; lastKnownFileType = sourcecode.swift; path = SceneDelegate.swift; sourceTree = "<group>"; };
		B812CE2B2BB28AAA0040DF3E /* ServicesViewController.swift */ = {isa = PBXFileReference; lastKnownFileType = sourcecode.swift; path = ServicesViewController.swift; sourceTree = "<group>"; };
		B812CE302BB28AAB0040DF3E /* Assets.xcassets */ = {isa = PBXFileReference; lastKnownFileType = folder.assetcatalog; path = Assets.xcassets; sourceTree = "<group>"; };
		B812CE332BB28AAB0040DF3E /* Base */ = {isa = PBXFileReference; lastKnownFileType = file.storyboard; name = Base; path = Base.lproj/LaunchScreen.storyboard; sourceTree = "<group>"; };
		B812CE352BB28AAB0040DF3E /* Info.plist */ = {isa = PBXFileReference; lastKnownFileType = text.plist.xml; path = Info.plist; sourceTree = "<group>"; };
		B812CE432BB2959A0040DF3E /* result.json */ = {isa = PBXFileReference; fileEncoding = 4; lastKnownFileType = text.json; path = result.json; sourceTree = "<group>"; };
		B812CE452BB29EE00040DF3E /* Models.swift */ = {isa = PBXFileReference; lastKnownFileType = sourcecode.swift; path = Models.swift; sourceTree = "<group>"; };
		B812CE472BB29F940040DF3E /* NetworkManager.swift */ = {isa = PBXFileReference; lastKnownFileType = sourcecode.swift; path = NetworkManager.swift; sourceTree = "<group>"; };
/* End PBXFileReference section */

/* Begin PBXFrameworksBuildPhase section */
		B812CE212BB28AAA0040DF3E /* Frameworks */ = {
			isa = PBXFrameworksBuildPhase;
			buildActionMask = 2147483647;
			files = (
			);
			runOnlyForDeploymentPostprocessing = 0;
		};
/* End PBXFrameworksBuildPhase section */

/* Begin PBXGroup section */
		B812CE1B2BB28AAA0040DF3E = {
			isa = PBXGroup;
			children = (
				B812CE262BB28AAA0040DF3E /* Services */,
				B812CE252BB28AAA0040DF3E /* Products */,
			);
			sourceTree = "<group>";
		};
		B812CE252BB28AAA0040DF3E /* Products */ = {
			isa = PBXGroup;
			children = (
				B812CE242BB28AAA0040DF3E /* Services.app */,
			);
			name = Products;
			sourceTree = "<group>";
		};
		B812CE262BB28AAA0040DF3E /* Services */ = {
			isa = PBXGroup;
			children = (
				B812CE3B2BB28C6E0040DF3E /* App */,
				B812CE402BB294C00040DF3E /* Business Logic */,
				B812CE3E2BB294790040DF3E /* Scenes */,
				B812CE3C2BB28C780040DF3E /* Resources */,
			);
			path = Services;
			sourceTree = "<group>";
		};
		B812CE3B2BB28C6E0040DF3E /* App */ = {
			isa = PBXGroup;
			children = (
				B812CE272BB28AAA0040DF3E /* AppDelegate.swift */,
				B812CE292BB28AAA0040DF3E /* SceneDelegate.swift */,
				B812CE352BB28AAB0040DF3E /* Info.plist */,
				B812CE322BB28AAB0040DF3E /* LaunchScreen.storyboard */,
			);
			path = App;
			sourceTree = "<group>";
		};
		B812CE3C2BB28C780040DF3E /* Resources */ = {
			isa = PBXGroup;
			children = (
				B812CE422BB295870040DF3E /* Data */,
				B812CE302BB28AAB0040DF3E /* Assets.xcassets */,
			);
			path = Resources;
			sourceTree = "<group>";
		};
		B812CE3D2BB294280040DF3E /* Model */ = {
			isa = PBXGroup;
			children = (
				B812CE452BB29EE00040DF3E /* Models.swift */,
			);
			path = Model;
			sourceTree = "<group>";
		};
		B812CE3E2BB294790040DF3E /* Scenes */ = {
			isa = PBXGroup;
			children = (
				B812CE3F2BB2949B0040DF3E /* ServicesScene */,
			);
			path = Scenes;
			sourceTree = "<group>";
		};
		B812CE3F2BB2949B0040DF3E /* ServicesScene */ = {
			isa = PBXGroup;
			children = (
				B812CE2B2BB28AAA0040DF3E /* ServicesViewController.swift */,
			);
			path = ServicesScene;
			sourceTree = "<group>";
		};
		B812CE402BB294C00040DF3E /* Business Logic */ = {
			isa = PBXGroup;
			children = (
				B812CE3D2BB294280040DF3E /* Model */,
				B812CE412BB294D40040DF3E /* Services */,
			);
			path = "Business Logic";
			sourceTree = "<group>";
		};
		B812CE412BB294D40040DF3E /* Services */ = {
			isa = PBXGroup;
			children = (
				B812CE472BB29F940040DF3E /* NetworkManager.swift */,
			);
			path = Services;
			sourceTree = "<group>";
		};
		B812CE422BB295870040DF3E /* Data */ = {
			isa = PBXGroup;
			children = (
				B812CE432BB2959A0040DF3E /* result.json */,
			);
			path = Data;
			sourceTree = "<group>";
		};
/* End PBXGroup section */

/* Begin PBXNativeTarget section */
		B812CE232BB28AAA0040DF3E /* Services */ = {
			isa = PBXNativeTarget;
			buildConfigurationList = B812CE382BB28AAB0040DF3E /* Build configuration list for PBXNativeTarget "Services" */;
			buildPhases = (
				B812CE202BB28AAA0040DF3E /* Sources */,
				B812CE212BB28AAA0040DF3E /* Frameworks */,
				B812CE222BB28AAA0040DF3E /* Resources */,
			);
			buildRules = (
			);
			dependencies = (
			);
			name = Services;
			productName = Services;
			productReference = B812CE242BB28AAA0040DF3E /* Services.app */;
			productType = "com.apple.product-type.application";
		};
/* End PBXNativeTarget section */

/* Begin PBXProject section */
		B812CE1C2BB28AAA0040DF3E /* Project object */ = {
			isa = PBXProject;
			attributes = {
				BuildIndependentTargetsInParallel = 1;
				LastSwiftUpdateCheck = 1530;
				LastUpgradeCheck = 1530;
				TargetAttributes = {
					B812CE232BB28AAA0040DF3E = {
						CreatedOnToolsVersion = 15.3;
					};
				};
			};
			buildConfigurationList = B812CE1F2BB28AAA0040DF3E /* Build configuration list for PBXProject "Services" */;
			compatibilityVersion = "Xcode 14.0";
			developmentRegion = en;
			hasScannedForEncodings = 0;
			knownRegions = (
				en,
				Base,
			);
			mainGroup = B812CE1B2BB28AAA0040DF3E;
			productRefGroup = B812CE252BB28AAA0040DF3E /* Products */;
			projectDirPath = "";
			projectRoot = "";
			targets = (
				B812CE232BB28AAA0040DF3E /* Services */,
			);
		};
/* End PBXProject section */

/* Begin PBXResourcesBuildPhase section */
		B812CE222BB28AAA0040DF3E /* Resources */ = {
			isa = PBXResourcesBuildPhase;
			buildActionMask = 2147483647;
			files = (
				B812CE312BB28AAB0040DF3E /* Assets.xcassets in Resources */,
				B812CE442BB2959A0040DF3E /* result.json in Resources */,
				B812CE342BB28AAB0040DF3E /* Base in Resources */,
			);
			runOnlyForDeploymentPostprocessing = 0;
		};
/* End PBXResourcesBuildPhase section */

/* Begin PBXSourcesBuildPhase section */
		B812CE202BB28AAA0040DF3E /* Sources */ = {
			isa = PBXSourcesBuildPhase;
			buildActionMask = 2147483647;
			files = (
				B812CE2C2BB28AAA0040DF3E /* ServicesViewController.swift in Sources */,
				B812CE282BB28AAA0040DF3E /* AppDelegate.swift in Sources */,
				B812CE482BB29F940040DF3E /* NetworkManager.swift in Sources */,
				B812CE2A2BB28AAA0040DF3E /* SceneDelegate.swift in Sources */,
				B812CE462BB29EE00040DF3E /* Models.swift in Sources */,
			);
			runOnlyForDeploymentPostprocessing = 0;
		};
/* End PBXSourcesBuildPhase section */

/* Begin PBXVariantGroup section */
		B812CE322BB28AAB0040DF3E /* LaunchScreen.storyboard */ = {
			isa = PBXVariantGroup;
			children = (
				B812CE332BB28AAB0040DF3E /* Base */,
			);
			name = LaunchScreen.storyboard;
			sourceTree = "<group>";
		};
/* End PBXVariantGroup section */

/* Begin XCBuildConfiguration section */
		B812CE362BB28AAB0040DF3E /* Debug */ = {
			isa = XCBuildConfiguration;
			buildSettings = {
				ALWAYS_SEARCH_USER_PATHS = NO;
				ASSETCATALOG_COMPILER_GENERATE_SWIFT_ASSET_SYMBOL_EXTENSIONS = YES;
				CLANG_ANALYZER_NONNULL = YES;
				CLANG_ANALYZER_NUMBER_OBJECT_CONVERSION = YES_AGGRESSIVE;
				CLANG_CXX_LANGUAGE_STANDARD = "gnu++20";
				CLANG_ENABLE_MODULES = YES;
				CLANG_ENABLE_OBJC_ARC = YES;
				CLANG_ENABLE_OBJC_WEAK = YES;
				CLANG_WARN_BLOCK_CAPTURE_AUTORELEASING = YES;
				CLANG_WARN_BOOL_CONVERSION = YES;
				CLANG_WARN_COMMA = YES;
				CLANG_WARN_CONSTANT_CONVERSION = YES;
				CLANG_WARN_DEPRECATED_OBJC_IMPLEMENTATIONS = YES;
				CLANG_WARN_DIRECT_OBJC_ISA_USAGE = YES_ERROR;
				CLANG_WARN_DOCUMENTATION_COMMENTS = YES;
				CLANG_WARN_EMPTY_BODY = YES;
				CLANG_WARN_ENUM_CONVERSION = YES;
				CLANG_WARN_INFINITE_RECURSION = YES;
				CLANG_WARN_INT_CONVERSION = YES;
				CLANG_WARN_NON_LITERAL_NULL_CONVERSION = YES;
				CLANG_WARN_OBJC_IMPLICIT_RETAIN_SELF = YES;
				CLANG_WARN_OBJC_LITERAL_CONVERSION = YES;
				CLANG_WARN_OBJC_ROOT_CLASS = YES_ERROR;
				CLANG_WARN_QUOTED_INCLUDE_IN_FRAMEWORK_HEADER = YES;
				CLANG_WARN_RANGE_LOOP_ANALYSIS = YES;
				CLANG_WARN_STRICT_PROTOTYPES = YES;
				CLANG_WARN_SUSPICIOUS_MOVE = YES;
				CLANG_WARN_UNGUARDED_AVAILABILITY = YES_AGGRESSIVE;
				CLANG_WARN_UNREACHABLE_CODE = YES;
				CLANG_WARN__DUPLICATE_METHOD_MATCH = YES;
				COPY_PHASE_STRIP = NO;
				DEBUG_INFORMATION_FORMAT = dwarf;
				ENABLE_STRICT_OBJC_MSGSEND = YES;
				ENABLE_TESTABILITY = YES;
				ENABLE_USER_SCRIPT_SANDBOXING = YES;
				GCC_C_LANGUAGE_STANDARD = gnu17;
				GCC_DYNAMIC_NO_PIC = NO;
				GCC_NO_COMMON_BLOCKS = YES;
				GCC_OPTIMIZATION_LEVEL = 0;
				GCC_PREPROCESSOR_DEFINITIONS = (
					"DEBUG=1",
					"$(inherited)",
				);
				GCC_WARN_64_TO_32_BIT_CONVERSION = YES;
				GCC_WARN_ABOUT_RETURN_TYPE = YES_ERROR;
				GCC_WARN_UNDECLARED_SELECTOR = YES;
				GCC_WARN_UNINITIALIZED_AUTOS = YES_AGGRESSIVE;
				GCC_WARN_UNUSED_FUNCTION = YES;
				GCC_WARN_UNUSED_VARIABLE = YES;
				IPHONEOS_DEPLOYMENT_TARGET = 17.4;
				LOCALIZATION_PREFERS_STRING_CATALOGS = YES;
				MTL_ENABLE_DEBUG_INFO = INCLUDE_SOURCE;
				MTL_FAST_MATH = YES;
				ONLY_ACTIVE_ARCH = YES;
				SDKROOT = iphoneos;
				SWIFT_ACTIVE_COMPILATION_CONDITIONS = "DEBUG $(inherited)";
				SWIFT_OPTIMIZATION_LEVEL = "-Onone";
			};
			name = Debug;
		};
		B812CE372BB28AAB0040DF3E /* Release */ = {
			isa = XCBuildConfiguration;
			buildSettings = {
				ALWAYS_SEARCH_USER_PATHS = NO;
				ASSETCATALOG_COMPILER_GENERATE_SWIFT_ASSET_SYMBOL_EXTENSIONS = YES;
				CLANG_ANALYZER_NONNULL = YES;
				CLANG_ANALYZER_NUMBER_OBJECT_CONVERSION = YES_AGGRESSIVE;
				CLANG_CXX_LANGUAGE_STANDARD = "gnu++20";
				CLANG_ENABLE_MODULES = YES;
				CLANG_ENABLE_OBJC_ARC = YES;
				CLANG_ENABLE_OBJC_WEAK = YES;
				CLANG_WARN_BLOCK_CAPTURE_AUTORELEASING = YES;
				CLANG_WARN_BOOL_CONVERSION = YES;
				CLANG_WARN_COMMA = YES;
				CLANG_WARN_CONSTANT_CONVERSION = YES;
				CLANG_WARN_DEPRECATED_OBJC_IMPLEMENTATIONS = YES;
				CLANG_WARN_DIRECT_OBJC_ISA_USAGE = YES_ERROR;
				CLANG_WARN_DOCUMENTATION_COMMENTS = YES;
				CLANG_WARN_EMPTY_BODY = YES;
				CLANG_WARN_ENUM_CONVERSION = YES;
				CLANG_WARN_INFINITE_RECURSION = YES;
				CLANG_WARN_INT_CONVERSION = YES;
				CLANG_WARN_NON_LITERAL_NULL_CONVERSION = YES;
				CLANG_WARN_OBJC_IMPLICIT_RETAIN_SELF = YES;
				CLANG_WARN_OBJC_LITERAL_CONVERSION = YES;
				CLANG_WARN_OBJC_ROOT_CLASS = YES_ERROR;
				CLANG_WARN_QUOTED_INCLUDE_IN_FRAMEWORK_HEADER = YES;
				CLANG_WARN_RANGE_LOOP_ANALYSIS = YES;
				CLANG_WARN_STRICT_PROTOTYPES = YES;
				CLANG_WARN_SUSPICIOUS_MOVE = YES;
				CLANG_WARN_UNGUARDED_AVAILABILITY = YES_AGGRESSIVE;
				CLANG_WARN_UNREACHABLE_CODE = YES;
				CLANG_WARN__DUPLICATE_METHOD_MATCH = YES;
				COPY_PHASE_STRIP = NO;
				DEBUG_INFORMATION_FORMAT = "dwarf-with-dsym";
				ENABLE_NS_ASSERTIONS = NO;
				ENABLE_STRICT_OBJC_MSGSEND = YES;
				ENABLE_USER_SCRIPT_SANDBOXING = YES;
				GCC_C_LANGUAGE_STANDARD = gnu17;
				GCC_NO_COMMON_BLOCKS = YES;
				GCC_WARN_64_TO_32_BIT_CONVERSION = YES;
				GCC_WARN_ABOUT_RETURN_TYPE = YES_ERROR;
				GCC_WARN_UNDECLARED_SELECTOR = YES;
				GCC_WARN_UNINITIALIZED_AUTOS = YES_AGGRESSIVE;
				GCC_WARN_UNUSED_FUNCTION = YES;
				GCC_WARN_UNUSED_VARIABLE = YES;
				IPHONEOS_DEPLOYMENT_TARGET = 17.4;
				LOCALIZATION_PREFERS_STRING_CATALOGS = YES;
				MTL_ENABLE_DEBUG_INFO = NO;
				MTL_FAST_MATH = YES;
				SDKROOT = iphoneos;
				SWIFT_COMPILATION_MODE = wholemodule;
				VALIDATE_PRODUCT = YES;
			};
			name = Release;
		};
		B812CE392BB28AAB0040DF3E /* Debug */ = {
			isa = XCBuildConfiguration;
			buildSettings = {
				ASSETCATALOG_COMPILER_APPICON_NAME = AppIcon;
				ASSETCATALOG_COMPILER_GLOBAL_ACCENT_COLOR_NAME = AccentColor;
				CODE_SIGN_STYLE = Automatic;
				CURRENT_PROJECT_VERSION = 1;
				DEVELOPMENT_TEAM = S94VZHHR39;
				GENERATE_INFOPLIST_FILE = YES;
				INFOPLIST_FILE = Services/App/Info.plist;
				INFOPLIST_KEY_LSApplicationCategoryType = "public.app-category.business";
				INFOPLIST_KEY_UIApplicationSupportsIndirectInputEvents = YES;
				INFOPLIST_KEY_UILaunchStoryboardName = LaunchScreen;
				INFOPLIST_KEY_UIStatusBarStyle = UIStatusBarStyleDarkContent;
				INFOPLIST_KEY_UISupportedInterfaceOrientations = UIInterfaceOrientationPortrait;
				INFOPLIST_KEY_UISupportedInterfaceOrientations_iPad = "UIInterfaceOrientationLandscapeLeft UIInterfaceOrientationLandscapeRight UIInterfaceOrientationPortrait UIInterfaceOrientationPortraitUpsideDown";
				IPHONEOS_DEPLOYMENT_TARGET = 16.4;
				LD_RUNPATH_SEARCH_PATHS = (
					"$(inherited)",
					"@executable_path/Frameworks",
				);
				MARKETING_VERSION = 1.0;
				PRODUCT_BUNDLE_IDENTIFIER = eldarovsky.Services;
				PRODUCT_NAME = "$(TARGET_NAME)";
				SUPPORTED_PLATFORMS = "iphoneos iphonesimulator";
				SUPPORTS_MACCATALYST = NO;
				SUPPORTS_MAC_DESIGNED_FOR_IPHONE_IPAD = NO;
				SUPPORTS_XR_DESIGNED_FOR_IPHONE_IPAD = NO;
				SWIFT_EMIT_LOC_STRINGS = YES;
				SWIFT_VERSION = 5.0;
				TARGETED_DEVICE_FAMILY = 1;
			};
			name = Debug;
		};
		B812CE3A2BB28AAB0040DF3E /* Release */ = {
			isa = XCBuildConfiguration;
			buildSettings = {
				ASSETCATALOG_COMPILER_APPICON_NAME = AppIcon;
				ASSETCATALOG_COMPILER_GLOBAL_ACCENT_COLOR_NAME = AccentColor;
				CODE_SIGN_STYLE = Automatic;
				CURRENT_PROJECT_VERSION = 1;
				DEVELOPMENT_TEAM = S94VZHHR39;
				GENERATE_INFOPLIST_FILE = YES;
				INFOPLIST_FILE = Services/App/Info.plist;
				INFOPLIST_KEY_LSApplicationCategoryType = "public.app-category.business";
				INFOPLIST_KEY_UIApplicationSupportsIndirectInputEvents = YES;
				INFOPLIST_KEY_UILaunchStoryboardName = LaunchScreen;
				INFOPLIST_KEY_UIStatusBarStyle = UIStatusBarStyleDarkContent;
				INFOPLIST_KEY_UISupportedInterfaceOrientations = UIInterfaceOrientationPortrait;
				INFOPLIST_KEY_UISupportedInterfaceOrientations_iPad = "UIInterfaceOrientationLandscapeLeft UIInterfaceOrientationLandscapeRight UIInterfaceOrientationPortrait UIInterfaceOrientationPortraitUpsideDown";
				IPHONEOS_DEPLOYMENT_TARGET = 16.4;
				LD_RUNPATH_SEARCH_PATHS = (
					"$(inherited)",
					"@executable_path/Frameworks",
				);
				MARKETING_VERSION = 1.0;
				PRODUCT_BUNDLE_IDENTIFIER = eldarovsky.Services;
				PRODUCT_NAME = "$(TARGET_NAME)";
				SUPPORTED_PLATFORMS = "iphoneos iphonesimulator";
				SUPPORTS_MACCATALYST = NO;
				SUPPORTS_MAC_DESIGNED_FOR_IPHONE_IPAD = NO;
				SUPPORTS_XR_DESIGNED_FOR_IPHONE_IPAD = NO;
				SWIFT_EMIT_LOC_STRINGS = YES;
				SWIFT_VERSION = 5.0;
				TARGETED_DEVICE_FAMILY = 1;
			};
			name = Release;
		};
/* End XCBuildConfiguration section */

/* Begin XCConfigurationList section */
		B812CE1F2BB28AAA0040DF3E /* Build configuration list for PBXProject "Services" */ = {
			isa = XCConfigurationList;
			buildConfigurations = (
				B812CE362BB28AAB0040DF3E /* Debug */,
				B812CE372BB28AAB0040DF3E /* Release */,
			);
			defaultConfigurationIsVisible = 0;
			defaultConfigurationName = Release;
		};
		B812CE382BB28AAB0040DF3E /* Build configuration list for PBXNativeTarget "Services" */ = {
			isa = XCConfigurationList;
			buildConfigurations = (
				B812CE392BB28AAB0040DF3E /* Debug */,
				B812CE3A2BB28AAB0040DF3E /* Release */,
			);
			defaultConfigurationIsVisible = 0;
			defaultConfigurationName = Release;
		};
/* End XCConfigurationList section */
	};
	rootObject = B812CE1C2BB28AAA0040DF3E /* Project object */;
}
